// !$*UTF8*$!
{
	archiveVersion = 1;
	classes = {
	};
	objectVersion = 56;
	objects = {

/* Begin PBXBuildFile section */
		7D30ED712A491681005C0FF7 /* BCAMusicPlayerApp.swift in Sources */ = {isa = PBXBuildFile; fileRef = 7D30ED702A491681005C0FF7 /* BCAMusicPlayerApp.swift */; };
		7D30ED732A491681005C0FF7 /* ContentView.swift in Sources */ = {isa = PBXBuildFile; fileRef = 7D30ED722A491681005C0FF7 /* ContentView.swift */; };
		7D30ED752A491683005C0FF7 /* Assets.xcassets in Resources */ = {isa = PBXBuildFile; fileRef = 7D30ED742A491683005C0FF7 /* Assets.xcassets */; };
		7D30ED782A491683005C0FF7 /* Preview Assets.xcassets in Resources */ = {isa = PBXBuildFile; fileRef = 7D30ED772A491683005C0FF7 /* Preview Assets.xcassets */; };
		7D30ED822A491683005C0FF7 /* BCAMusicPlayerTests.swift in Sources */ = {isa = PBXBuildFile; fileRef = 7D30ED812A491683005C0FF7 /* BCAMusicPlayerTests.swift */; };
		7D30ED8C2A491683005C0FF7 /* BCAMusicPlayerUITests.swift in Sources */ = {isa = PBXBuildFile; fileRef = 7D30ED8B2A491683005C0FF7 /* BCAMusicPlayerUITests.swift */; };
		7D30ED8E2A491683005C0FF7 /* BCAMusicPlayerUITestsLaunchTests.swift in Sources */ = {isa = PBXBuildFile; fileRef = 7D30ED8D2A491683005C0FF7 /* BCAMusicPlayerUITestsLaunchTests.swift */; };
		7D7C073A2A492EDD000F73A1 /* Runtuh.mp3 in Resources */ = {isa = PBXBuildFile; fileRef = 7D7C07392A492EDD000F73A1 /* Runtuh.mp3 */; };
		7D7C073D2A49332A000F73A1 /* String.swift in Sources */ = {isa = PBXBuildFile; fileRef = 7D7C073C2A49332A000F73A1 /* String.swift */; };
		7D7C07412A493423000F73A1 /* Localizable.strings in Resources */ = {isa = PBXBuildFile; fileRef = 7D7C07432A493423000F73A1 /* Localizable.strings */; };
		7D7C07462A493467000F73A1 /* LanguageViewModel.swift in Sources */ = {isa = PBXBuildFile; fileRef = 7D7C07452A493467000F73A1 /* LanguageViewModel.swift */; };
		7D7C07492A4934F4000F73A1 /* Language.swift in Sources */ = {isa = PBXBuildFile; fileRef = 7D7C07482A4934F4000F73A1 /* Language.swift */; };
		7D7C074E2A4936B2000F73A1 /* SearchBarView.swift in Sources */ = {isa = PBXBuildFile; fileRef = 7D7C074D2A4936B2000F73A1 /* SearchBarView.swift */; };
		7D7C07502A493702000F73A1 /* SplashView.swift in Sources */ = {isa = PBXBuildFile; fileRef = 7D7C074F2A493701000F73A1 /* SplashView.swift */; };
		7D7C07562A493D73000F73A1 /* ChangeLanguageView.swift in Sources */ = {isa = PBXBuildFile; fileRef = 7D7C07552A493D73000F73A1 /* ChangeLanguageView.swift */; };
		7D7C07582A493D97000F73A1 /* Color.swift in Sources */ = {isa = PBXBuildFile; fileRef = 7D7C07572A493D97000F73A1 /* Color.swift */; };
		7D7C07762A4974A9000F73A1 /* GoogleService-Info.plist in Resources */ = {isa = PBXBuildFile; fileRef = 7D7C07752A4974A9000F73A1 /* GoogleService-Info.plist */; };
		7D7C077D2A497617000F73A1 /* Music.swift in Sources */ = {isa = PBXBuildFile; fileRef = 7D7C077C2A497617000F73A1 /* Music.swift */; };
		7D7C077F2A497B52000F73A1 /* Album.swift in Sources */ = {isa = PBXBuildFile; fileRef = 7D7C077E2A497B52000F73A1 /* Album.swift */; };
		7D7C07812A497B7E000F73A1 /* Song.swift in Sources */ = {isa = PBXBuildFile; fileRef = 7D7C07802A497B7E000F73A1 /* Song.swift */; };
		7D7C07852A497BEF000F73A1 /* HomeView.swift in Sources */ = {isa = PBXBuildFile; fileRef = 7D7C07842A497BEF000F73A1 /* HomeView.swift */; };
		7D9CF4FB2A4984AF0048BF5C /* PlayerView.swift in Sources */ = {isa = PBXBuildFile; fileRef = 7D9CF4FA2A4984AF0048BF5C /* PlayerView.swift */; };
		7D9CF4FD2A4985CE0048BF5C /* Blur.swift in Sources */ = {isa = PBXBuildFile; fileRef = 7D9CF4FC2A4985CE0048BF5C /* Blur.swift */; };
		7D9CF5022A499C360048BF5C /* FirebaseFirestore in Frameworks */ = {isa = PBXBuildFile; productRef = 7D9CF5012A499C360048BF5C /* FirebaseFirestore */; };
		7D9CF5042A499C360048BF5C /* FirebaseFirestoreSwift in Frameworks */ = {isa = PBXBuildFile; productRef = 7D9CF5032A499C360048BF5C /* FirebaseFirestoreSwift */; };
		7D9CF5062A499C360048BF5C /* FirebaseStorage in Frameworks */ = {isa = PBXBuildFile; productRef = 7D9CF5052A499C360048BF5C /* FirebaseStorage */; };
		7D9CF5082A499C360048BF5C /* FirebaseStorageCombine-Community in Frameworks */ = {isa = PBXBuildFile; productRef = 7D9CF5072A499C360048BF5C /* FirebaseStorageCombine-Community */; };
		7DE99B102A4A66FF004084CB /* SongViewModel.swift in Sources */ = {isa = PBXBuildFile; fileRef = 7DE99B0F2A4A66FF004084CB /* SongViewModel.swift */; };
		7DE99B122A4A67C5004084CB /* AlbumViewModel.swift in Sources */ = {isa = PBXBuildFile; fileRef = 7DE99B112A4A67C5004084CB /* AlbumViewModel.swift */; };
		7DE99B142A4A6CF1004084CB /* MiniplayerView.swift in Sources */ = {isa = PBXBuildFile; fileRef = 7DE99B132A4A6CF1004084CB /* MiniplayerView.swift */; };
/* End PBXBuildFile section */

/* Begin PBXContainerItemProxy section */
		7D30ED7E2A491683005C0FF7 /* PBXContainerItemProxy */ = {
			isa = PBXContainerItemProxy;
			containerPortal = 7D30ED652A491681005C0FF7 /* Project object */;
			proxyType = 1;
			remoteGlobalIDString = 7D30ED6C2A491681005C0FF7;
			remoteInfo = BCAMusicPlayer;
		};
		7D30ED882A491683005C0FF7 /* PBXContainerItemProxy */ = {
			isa = PBXContainerItemProxy;
			containerPortal = 7D30ED652A491681005C0FF7 /* Project object */;
			proxyType = 1;
			remoteGlobalIDString = 7D30ED6C2A491681005C0FF7;
			remoteInfo = BCAMusicPlayer;
		};
/* End PBXContainerItemProxy section */

/* Begin PBXFileReference section */
		7D30ED6D2A491681005C0FF7 /* BCAMusicPlayer.app */ = {isa = PBXFileReference; explicitFileType = wrapper.application; includeInIndex = 0; path = BCAMusicPlayer.app; sourceTree = BUILT_PRODUCTS_DIR; };
		7D30ED702A491681005C0FF7 /* BCAMusicPlayerApp.swift */ = {isa = PBXFileReference; lastKnownFileType = sourcecode.swift; path = BCAMusicPlayerApp.swift; sourceTree = "<group>"; };
		7D30ED722A491681005C0FF7 /* ContentView.swift */ = {isa = PBXFileReference; lastKnownFileType = sourcecode.swift; path = ContentView.swift; sourceTree = "<group>"; };
		7D30ED742A491683005C0FF7 /* Assets.xcassets */ = {isa = PBXFileReference; lastKnownFileType = folder.assetcatalog; path = Assets.xcassets; sourceTree = "<group>"; };
		7D30ED772A491683005C0FF7 /* Preview Assets.xcassets */ = {isa = PBXFileReference; lastKnownFileType = folder.assetcatalog; path = "Preview Assets.xcassets"; sourceTree = "<group>"; };
		7D30ED7D2A491683005C0FF7 /* BCAMusicPlayerTests.xctest */ = {isa = PBXFileReference; explicitFileType = wrapper.cfbundle; includeInIndex = 0; path = BCAMusicPlayerTests.xctest; sourceTree = BUILT_PRODUCTS_DIR; };
		7D30ED812A491683005C0FF7 /* BCAMusicPlayerTests.swift */ = {isa = PBXFileReference; lastKnownFileType = sourcecode.swift; path = BCAMusicPlayerTests.swift; sourceTree = "<group>"; };
		7D30ED872A491683005C0FF7 /* BCAMusicPlayerUITests.xctest */ = {isa = PBXFileReference; explicitFileType = wrapper.cfbundle; includeInIndex = 0; path = BCAMusicPlayerUITests.xctest; sourceTree = BUILT_PRODUCTS_DIR; };
		7D30ED8B2A491683005C0FF7 /* BCAMusicPlayerUITests.swift */ = {isa = PBXFileReference; lastKnownFileType = sourcecode.swift; path = BCAMusicPlayerUITests.swift; sourceTree = "<group>"; };
		7D30ED8D2A491683005C0FF7 /* BCAMusicPlayerUITestsLaunchTests.swift */ = {isa = PBXFileReference; lastKnownFileType = sourcecode.swift; path = BCAMusicPlayerUITestsLaunchTests.swift; sourceTree = "<group>"; };
		7D7C07392A492EDD000F73A1 /* Runtuh.mp3 */ = {isa = PBXFileReference; lastKnownFileType = audio.mp3; name = Runtuh.mp3; path = ../../../../../Downloads/Runtuh.mp3; sourceTree = "<group>"; };
		7D7C073C2A49332A000F73A1 /* String.swift */ = {isa = PBXFileReference; lastKnownFileType = sourcecode.swift; path = String.swift; sourceTree = "<group>"; };
		7D7C07422A493423000F73A1 /* en */ = {isa = PBXFileReference; lastKnownFileType = text.plist.strings; name = en; path = en.lproj/Localizable.strings; sourceTree = "<group>"; };
		7D7C07442A49342D000F73A1 /* id */ = {isa = PBXFileReference; lastKnownFileType = text.plist.strings; name = id; path = id.lproj/Localizable.strings; sourceTree = "<group>"; };
		7D7C07452A493467000F73A1 /* LanguageViewModel.swift */ = {isa = PBXFileReference; lastKnownFileType = sourcecode.swift; path = LanguageViewModel.swift; sourceTree = "<group>"; };
		7D7C07482A4934F4000F73A1 /* Language.swift */ = {isa = PBXFileReference; lastKnownFileType = sourcecode.swift; path = Language.swift; sourceTree = "<group>"; };
		7D7C074D2A4936B2000F73A1 /* SearchBarView.swift */ = {isa = PBXFileReference; lastKnownFileType = sourcecode.swift; path = SearchBarView.swift; sourceTree = "<group>"; };
		7D7C074F2A493701000F73A1 /* SplashView.swift */ = {isa = PBXFileReference; lastKnownFileType = sourcecode.swift; path = SplashView.swift; sourceTree = "<group>"; };
		7D7C07552A493D73000F73A1 /* ChangeLanguageView.swift */ = {isa = PBXFileReference; lastKnownFileType = sourcecode.swift; path = ChangeLanguageView.swift; sourceTree = "<group>"; };
		7D7C07572A493D97000F73A1 /* Color.swift */ = {isa = PBXFileReference; lastKnownFileType = sourcecode.swift; path = Color.swift; sourceTree = "<group>"; };
		7D7C07752A4974A9000F73A1 /* GoogleService-Info.plist */ = {isa = PBXFileReference; fileEncoding = 4; lastKnownFileType = text.plist.xml; name = "GoogleService-Info.plist"; path = "../../../../Downloads/GoogleService-Info.plist"; sourceTree = "<group>"; };
		7D7C077C2A497617000F73A1 /* Music.swift */ = {isa = PBXFileReference; lastKnownFileType = sourcecode.swift; path = Music.swift; sourceTree = "<group>"; };
		7D7C077E2A497B52000F73A1 /* Album.swift */ = {isa = PBXFileReference; lastKnownFileType = sourcecode.swift; path = Album.swift; sourceTree = "<group>"; };
		7D7C07802A497B7E000F73A1 /* Song.swift */ = {isa = PBXFileReference; lastKnownFileType = sourcecode.swift; path = Song.swift; sourceTree = "<group>"; };
		7D7C07842A497BEF000F73A1 /* HomeView.swift */ = {isa = PBXFileReference; lastKnownFileType = sourcecode.swift; path = HomeView.swift; sourceTree = "<group>"; };
		7D9CF4FA2A4984AF0048BF5C /* PlayerView.swift */ = {isa = PBXFileReference; lastKnownFileType = sourcecode.swift; path = PlayerView.swift; sourceTree = "<group>"; };
		7D9CF4FC2A4985CE0048BF5C /* Blur.swift */ = {isa = PBXFileReference; lastKnownFileType = sourcecode.swift; path = Blur.swift; sourceTree = "<group>"; };
		7D9CF5092A49A18F0048BF5C /* Info.plist */ = {isa = PBXFileReference; lastKnownFileType = text.plist; path = Info.plist; sourceTree = "<group>"; };
		7DE99B0F2A4A66FF004084CB /* SongViewModel.swift */ = {isa = PBXFileReference; lastKnownFileType = sourcecode.swift; path = SongViewModel.swift; sourceTree = "<group>"; };
		7DE99B112A4A67C5004084CB /* AlbumViewModel.swift */ = {isa = PBXFileReference; lastKnownFileType = sourcecode.swift; path = AlbumViewModel.swift; sourceTree = "<group>"; };
		7DE99B132A4A6CF1004084CB /* MiniplayerView.swift */ = {isa = PBXFileReference; lastKnownFileType = sourcecode.swift; path = MiniplayerView.swift; sourceTree = "<group>"; };
/* End PBXFileReference section */

/* Begin PBXFrameworksBuildPhase section */
		7D30ED6A2A491681005C0FF7 /* Frameworks */ = {
			isa = PBXFrameworksBuildPhase;
			buildActionMask = 2147483647;
			files = (
				7D9CF5022A499C360048BF5C /* FirebaseFirestore in Frameworks */,
				7D9CF5042A499C360048BF5C /* FirebaseFirestoreSwift in Frameworks */,
				7D9CF5082A499C360048BF5C /* FirebaseStorageCombine-Community in Frameworks */,
				7D9CF5062A499C360048BF5C /* FirebaseStorage in Frameworks */,
			);
			runOnlyForDeploymentPostprocessing = 0;
		};
		7D30ED7A2A491683005C0FF7 /* Frameworks */ = {
			isa = PBXFrameworksBuildPhase;
			buildActionMask = 2147483647;
			files = (
			);
			runOnlyForDeploymentPostprocessing = 0;
		};
		7D30ED842A491683005C0FF7 /* Frameworks */ = {
			isa = PBXFrameworksBuildPhase;
			buildActionMask = 2147483647;
			files = (
			);
			runOnlyForDeploymentPostprocessing = 0;
		};
/* End PBXFrameworksBuildPhase section */

/* Begin PBXGroup section */
		7D30ED642A491681005C0FF7 = {
			isa = PBXGroup;
			children = (
				7D30ED6F2A491681005C0FF7 /* BCAMusicPlayer */,
				7D30ED802A491683005C0FF7 /* BCAMusicPlayerTests */,
				7D30ED8A2A491683005C0FF7 /* BCAMusicPlayerUITests */,
				7D30ED6E2A491681005C0FF7 /* Products */,
			);
			sourceTree = "<group>";
		};
		7D30ED6E2A491681005C0FF7 /* Products */ = {
			isa = PBXGroup;
			children = (
				7D30ED6D2A491681005C0FF7 /* BCAMusicPlayer.app */,
				7D30ED7D2A491683005C0FF7 /* BCAMusicPlayerTests.xctest */,
				7D30ED872A491683005C0FF7 /* BCAMusicPlayerUITests.xctest */,
			);
			name = Products;
			sourceTree = "<group>";
		};
		7D30ED6F2A491681005C0FF7 /* BCAMusicPlayer */ = {
			isa = PBXGroup;
			children = (
				7D9CF5092A49A18F0048BF5C /* Info.plist */,
				7D7C07752A4974A9000F73A1 /* GoogleService-Info.plist */,
				7D7C07472A4934E7000F73A1 /* Enum */,
				7D7C073E2A4933E6000F73A1 /* Accessibility */,
				7D7C073B2A49331E000F73A1 /* Extension */,
				7D7C07382A492ED0000F73A1 /* Music */,
				7D30ED9C2A492077005C0FF7 /* Model */,
				7D30ED9B2A49206D005C0FF7 /* View */,
				7D30ED722A491681005C0FF7 /* ContentView.swift */,
				7D30ED9A2A492065005C0FF7 /* ViewModel */,
				7D30ED742A491683005C0FF7 /* Assets.xcassets */,
				7D30ED762A491683005C0FF7 /* Preview Content */,
			);
			path = BCAMusicPlayer;
			sourceTree = "<group>";
		};
		7D30ED762A491683005C0FF7 /* Preview Content */ = {
			isa = PBXGroup;
			children = (
				7D30ED772A491683005C0FF7 /* Preview Assets.xcassets */,
			);
			path = "Preview Content";
			sourceTree = "<group>";
		};
		7D30ED802A491683005C0FF7 /* BCAMusicPlayerTests */ = {
			isa = PBXGroup;
			children = (
				7D30ED812A491683005C0FF7 /* BCAMusicPlayerTests.swift */,
			);
			path = BCAMusicPlayerTests;
			sourceTree = "<group>";
		};
		7D30ED8A2A491683005C0FF7 /* BCAMusicPlayerUITests */ = {
			isa = PBXGroup;
			children = (
				7D30ED8B2A491683005C0FF7 /* BCAMusicPlayerUITests.swift */,
				7D30ED8D2A491683005C0FF7 /* BCAMusicPlayerUITestsLaunchTests.swift */,
			);
			path = BCAMusicPlayerUITests;
			sourceTree = "<group>";
		};
		7D30ED9A2A492065005C0FF7 /* ViewModel */ = {
			isa = PBXGroup;
			children = (
				7D7C07452A493467000F73A1 /* LanguageViewModel.swift */,
				7DE99B0F2A4A66FF004084CB /* SongViewModel.swift */,
				7DE99B112A4A67C5004084CB /* AlbumViewModel.swift */,
			);
			path = ViewModel;
			sourceTree = "<group>";
		};
		7D30ED9B2A49206D005C0FF7 /* View */ = {
			isa = PBXGroup;
			children = (
				7D7C074A2A4935E5000F73A1 /* Component */,
				7D7C074F2A493701000F73A1 /* SplashView.swift */,
				7D7C07842A497BEF000F73A1 /* HomeView.swift */,
				7D30ED702A491681005C0FF7 /* BCAMusicPlayerApp.swift */,
				7D9CF4FA2A4984AF0048BF5C /* PlayerView.swift */,
			);
			path = View;
			sourceTree = "<group>";
		};
		7D30ED9C2A492077005C0FF7 /* Model */ = {
			isa = PBXGroup;
			children = (
				7D7C077C2A497617000F73A1 /* Music.swift */,
				7D7C077E2A497B52000F73A1 /* Album.swift */,
				7D7C07802A497B7E000F73A1 /* Song.swift */,
			);
			path = Model;
			sourceTree = "<group>";
		};
		7D7C07382A492ED0000F73A1 /* Music */ = {
			isa = PBXGroup;
			children = (
				7D7C07392A492EDD000F73A1 /* Runtuh.mp3 */,
			);
			path = Music;
			sourceTree = "<group>";
		};
		7D7C073B2A49331E000F73A1 /* Extension */ = {
			isa = PBXGroup;
			children = (
				7D7C073C2A49332A000F73A1 /* String.swift */,
				7D7C07572A493D97000F73A1 /* Color.swift */,
			);
			path = Extension;
			sourceTree = "<group>";
		};
		7D7C073E2A4933E6000F73A1 /* Accessibility */ = {
			isa = PBXGroup;
			children = (
				7D7C07432A493423000F73A1 /* Localizable.strings */,
			);
			path = Accessibility;
			sourceTree = "<group>";
		};
		7D7C07472A4934E7000F73A1 /* Enum */ = {
			isa = PBXGroup;
			children = (
				7D7C07482A4934F4000F73A1 /* Language.swift */,
			);
			path = Enum;
			sourceTree = "<group>";
		};
		7D7C074A2A4935E5000F73A1 /* Component */ = {
			isa = PBXGroup;
			children = (
				7D7C074D2A4936B2000F73A1 /* SearchBarView.swift */,
				7D7C07552A493D73000F73A1 /* ChangeLanguageView.swift */,
				7D9CF4FC2A4985CE0048BF5C /* Blur.swift */,
				7DE99B132A4A6CF1004084CB /* MiniplayerView.swift */,
			);
			path = Component;
			sourceTree = "<group>";
		};
/* End PBXGroup section */

/* Begin PBXNativeTarget section */
		7D30ED6C2A491681005C0FF7 /* BCAMusicPlayer */ = {
			isa = PBXNativeTarget;
			buildConfigurationList = 7D30ED912A491683005C0FF7 /* Build configuration list for PBXNativeTarget "BCAMusicPlayer" */;
			buildPhases = (
				7D30ED692A491681005C0FF7 /* Sources */,
				7D30ED6A2A491681005C0FF7 /* Frameworks */,
				7D30ED6B2A491681005C0FF7 /* Resources */,
			);
			buildRules = (
			);
			dependencies = (
			);
			name = BCAMusicPlayer;
			packageProductDependencies = (
				7D9CF5012A499C360048BF5C /* FirebaseFirestore */,
				7D9CF5032A499C360048BF5C /* FirebaseFirestoreSwift */,
				7D9CF5052A499C360048BF5C /* FirebaseStorage */,
				7D9CF5072A499C360048BF5C /* FirebaseStorageCombine-Community */,
			);
			productName = BCAMusicPlayer;
			productReference = 7D30ED6D2A491681005C0FF7 /* BCAMusicPlayer.app */;
			productType = "com.apple.product-type.application";
		};
		7D30ED7C2A491683005C0FF7 /* BCAMusicPlayerTests */ = {
			isa = PBXNativeTarget;
			buildConfigurationList = 7D30ED942A491683005C0FF7 /* Build configuration list for PBXNativeTarget "BCAMusicPlayerTests" */;
			buildPhases = (
				7D30ED792A491683005C0FF7 /* Sources */,
				7D30ED7A2A491683005C0FF7 /* Frameworks */,
				7D30ED7B2A491683005C0FF7 /* Resources */,
			);
			buildRules = (
			);
			dependencies = (
				7D30ED7F2A491683005C0FF7 /* PBXTargetDependency */,
			);
			name = BCAMusicPlayerTests;
			productName = BCAMusicPlayerTests;
			productReference = 7D30ED7D2A491683005C0FF7 /* BCAMusicPlayerTests.xctest */;
			productType = "com.apple.product-type.bundle.unit-test";
		};
		7D30ED862A491683005C0FF7 /* BCAMusicPlayerUITests */ = {
			isa = PBXNativeTarget;
			buildConfigurationList = 7D30ED972A491683005C0FF7 /* Build configuration list for PBXNativeTarget "BCAMusicPlayerUITests" */;
			buildPhases = (
				7D30ED832A491683005C0FF7 /* Sources */,
				7D30ED842A491683005C0FF7 /* Frameworks */,
				7D30ED852A491683005C0FF7 /* Resources */,
			);
			buildRules = (
			);
			dependencies = (
				7D30ED892A491683005C0FF7 /* PBXTargetDependency */,
			);
			name = BCAMusicPlayerUITests;
			productName = BCAMusicPlayerUITests;
			productReference = 7D30ED872A491683005C0FF7 /* BCAMusicPlayerUITests.xctest */;
			productType = "com.apple.product-type.bundle.ui-testing";
		};
/* End PBXNativeTarget section */

/* Begin PBXProject section */
		7D30ED652A491681005C0FF7 /* Project object */ = {
			isa = PBXProject;
			attributes = {
				BuildIndependentTargetsInParallel = 1;
				LastSwiftUpdateCheck = 1430;
				LastUpgradeCheck = 1430;
				TargetAttributes = {
					7D30ED6C2A491681005C0FF7 = {
						CreatedOnToolsVersion = 14.3.1;
					};
					7D30ED7C2A491683005C0FF7 = {
						CreatedOnToolsVersion = 14.3.1;
						TestTargetID = 7D30ED6C2A491681005C0FF7;
					};
					7D30ED862A491683005C0FF7 = {
						CreatedOnToolsVersion = 14.3.1;
						TestTargetID = 7D30ED6C2A491681005C0FF7;
					};
				};
			};
			buildConfigurationList = 7D30ED682A491681005C0FF7 /* Build configuration list for PBXProject "BCAMusicPlayer" */;
			compatibilityVersion = "Xcode 14.0";
			developmentRegion = en;
			hasScannedForEncodings = 0;
			knownRegions = (
				en,
				Base,
				id,
			);
			mainGroup = 7D30ED642A491681005C0FF7;
			packageReferences = (
				7D9CF5002A499C360048BF5C /* XCRemoteSwiftPackageReference "firebase-ios-sdk" */,
			);
			productRefGroup = 7D30ED6E2A491681005C0FF7 /* Products */;
			projectDirPath = "";
			projectRoot = "";
			targets = (
				7D30ED6C2A491681005C0FF7 /* BCAMusicPlayer */,
				7D30ED7C2A491683005C0FF7 /* BCAMusicPlayerTests */,
				7D30ED862A491683005C0FF7 /* BCAMusicPlayerUITests */,
			);
		};
/* End PBXProject section */

/* Begin PBXResourcesBuildPhase section */
		7D30ED6B2A491681005C0FF7 /* Resources */ = {
			isa = PBXResourcesBuildPhase;
			buildActionMask = 2147483647;
			files = (
				7D30ED782A491683005C0FF7 /* Preview Assets.xcassets in Resources */,
				7D7C07412A493423000F73A1 /* Localizable.strings in Resources */,
				7D7C07762A4974A9000F73A1 /* GoogleService-Info.plist in Resources */,
				7D30ED752A491683005C0FF7 /* Assets.xcassets in Resources */,
				7D7C073A2A492EDD000F73A1 /* Runtuh.mp3 in Resources */,
			);
			runOnlyForDeploymentPostprocessing = 0;
		};
		7D30ED7B2A491683005C0FF7 /* Resources */ = {
			isa = PBXResourcesBuildPhase;
			buildActionMask = 2147483647;
			files = (
			);
			runOnlyForDeploymentPostprocessing = 0;
		};
		7D30ED852A491683005C0FF7 /* Resources */ = {
			isa = PBXResourcesBuildPhase;
			buildActionMask = 2147483647;
			files = (
			);
			runOnlyForDeploymentPostprocessing = 0;
		};
/* End PBXResourcesBuildPhase section */

/* Begin PBXSourcesBuildPhase section */
		7D30ED692A491681005C0FF7 /* Sources */ = {
			isa = PBXSourcesBuildPhase;
			buildActionMask = 2147483647;
			files = (
				7D7C073D2A49332A000F73A1 /* String.swift in Sources */,
				7D7C077D2A497617000F73A1 /* Music.swift in Sources */,
				7D7C074E2A4936B2000F73A1 /* SearchBarView.swift in Sources */,
				7DE99B122A4A67C5004084CB /* AlbumViewModel.swift in Sources */,
				7DE99B142A4A6CF1004084CB /* MiniplayerView.swift in Sources */,
				7D9CF4FB2A4984AF0048BF5C /* PlayerView.swift in Sources */,
				7D7C07462A493467000F73A1 /* LanguageViewModel.swift in Sources */,
				7D9CF4FD2A4985CE0048BF5C /* Blur.swift in Sources */,
				7D7C077F2A497B52000F73A1 /* Album.swift in Sources */,
				7DE99B102A4A66FF004084CB /* SongViewModel.swift in Sources */,
				7D30ED732A491681005C0FF7 /* ContentView.swift in Sources */,
				7D7C07562A493D73000F73A1 /* ChangeLanguageView.swift in Sources */,
				7D7C07812A497B7E000F73A1 /* Song.swift in Sources */,
				7D7C07492A4934F4000F73A1 /* Language.swift in Sources */,
				7D7C07582A493D97000F73A1 /* Color.swift in Sources */,
				7D7C07502A493702000F73A1 /* SplashView.swift in Sources */,
				7D7C07852A497BEF000F73A1 /* HomeView.swift in Sources */,
				7D30ED712A491681005C0FF7 /* BCAMusicPlayerApp.swift in Sources */,
			);
			runOnlyForDeploymentPostprocessing = 0;
		};
		7D30ED792A491683005C0FF7 /* Sources */ = {
			isa = PBXSourcesBuildPhase;
			buildActionMask = 2147483647;
			files = (
				7D30ED822A491683005C0FF7 /* BCAMusicPlayerTests.swift in Sources */,
			);
			runOnlyForDeploymentPostprocessing = 0;
		};
		7D30ED832A491683005C0FF7 /* Sources */ = {
			isa = PBXSourcesBuildPhase;
			buildActionMask = 2147483647;
			files = (
				7D30ED8E2A491683005C0FF7 /* BCAMusicPlayerUITestsLaunchTests.swift in Sources */,
				7D30ED8C2A491683005C0FF7 /* BCAMusicPlayerUITests.swift in Sources */,
			);
			runOnlyForDeploymentPostprocessing = 0;
		};
/* End PBXSourcesBuildPhase section */

/* Begin PBXTargetDependency section */
		7D30ED7F2A491683005C0FF7 /* PBXTargetDependency */ = {
			isa = PBXTargetDependency;
			target = 7D30ED6C2A491681005C0FF7 /* BCAMusicPlayer */;
			targetProxy = 7D30ED7E2A491683005C0FF7 /* PBXContainerItemProxy */;
		};
		7D30ED892A491683005C0FF7 /* PBXTargetDependency */ = {
			isa = PBXTargetDependency;
			target = 7D30ED6C2A491681005C0FF7 /* BCAMusicPlayer */;
			targetProxy = 7D30ED882A491683005C0FF7 /* PBXContainerItemProxy */;
		};
/* End PBXTargetDependency section */

/* Begin PBXVariantGroup section */
		7D7C07432A493423000F73A1 /* Localizable.strings */ = {
			isa = PBXVariantGroup;
			children = (
				7D7C07422A493423000F73A1 /* en */,
				7D7C07442A49342D000F73A1 /* id */,
			);
			name = Localizable.strings;
			sourceTree = "<group>";
		};
/* End PBXVariantGroup section */

/* Begin XCBuildConfiguration section */
		7D30ED8F2A491683005C0FF7 /* Debug */ = {
			isa = XCBuildConfiguration;
			buildSettings = {
				ALWAYS_SEARCH_USER_PATHS = NO;
				CLANG_ANALYZER_NONNULL = YES;
				CLANG_ANALYZER_NUMBER_OBJECT_CONVERSION = YES_AGGRESSIVE;
				CLANG_CXX_LANGUAGE_STANDARD = "gnu++20";
				CLANG_ENABLE_MODULES = YES;
				CLANG_ENABLE_OBJC_ARC = YES;
				CLANG_ENABLE_OBJC_WEAK = YES;
				CLANG_WARN_BLOCK_CAPTURE_AUTORELEASING = YES;
				CLANG_WARN_BOOL_CONVERSION = YES;
				CLANG_WARN_COMMA = YES;
				CLANG_WARN_CONSTANT_CONVERSION = YES;
				CLANG_WARN_DEPRECATED_OBJC_IMPLEMENTATIONS = YES;
				CLANG_WARN_DIRECT_OBJC_ISA_USAGE = YES_ERROR;
				CLANG_WARN_DOCUMENTATION_COMMENTS = YES;
				CLANG_WARN_EMPTY_BODY = YES;
				CLANG_WARN_ENUM_CONVERSION = YES;
				CLANG_WARN_INFINITE_RECURSION = YES;
				CLANG_WARN_INT_CONVERSION = YES;
				CLANG_WARN_NON_LITERAL_NULL_CONVERSION = YES;
				CLANG_WARN_OBJC_IMPLICIT_RETAIN_SELF = YES;
				CLANG_WARN_OBJC_LITERAL_CONVERSION = YES;
				CLANG_WARN_OBJC_ROOT_CLASS = YES_ERROR;
				CLANG_WARN_QUOTED_INCLUDE_IN_FRAMEWORK_HEADER = YES;
				CLANG_WARN_RANGE_LOOP_ANALYSIS = YES;
				CLANG_WARN_STRICT_PROTOTYPES = YES;
				CLANG_WARN_SUSPICIOUS_MOVE = YES;
				CLANG_WARN_UNGUARDED_AVAILABILITY = YES_AGGRESSIVE;
				CLANG_WARN_UNREACHABLE_CODE = YES;
				CLANG_WARN__DUPLICATE_METHOD_MATCH = YES;
				COPY_PHASE_STRIP = NO;
				DEBUG_INFORMATION_FORMAT = dwarf;
				ENABLE_STRICT_OBJC_MSGSEND = YES;
				ENABLE_TESTABILITY = YES;
				GCC_C_LANGUAGE_STANDARD = gnu11;
				GCC_DYNAMIC_NO_PIC = NO;
				GCC_NO_COMMON_BLOCKS = YES;
				GCC_OPTIMIZATION_LEVEL = 0;
				GCC_PREPROCESSOR_DEFINITIONS = (
					"DEBUG=1",
					"$(inherited)",
				);
				GCC_WARN_64_TO_32_BIT_CONVERSION = YES;
				GCC_WARN_ABOUT_RETURN_TYPE = YES_ERROR;
				GCC_WARN_UNDECLARED_SELECTOR = YES;
				GCC_WARN_UNINITIALIZED_AUTOS = YES_AGGRESSIVE;
				GCC_WARN_UNUSED_FUNCTION = YES;
				GCC_WARN_UNUSED_VARIABLE = YES;
				IPHONEOS_DEPLOYMENT_TARGET = 16.4;
				MTL_ENABLE_DEBUG_INFO = INCLUDE_SOURCE;
				MTL_FAST_MATH = YES;
				ONLY_ACTIVE_ARCH = YES;
				SDKROOT = iphoneos;
				SWIFT_ACTIVE_COMPILATION_CONDITIONS = DEBUG;
				SWIFT_OPTIMIZATION_LEVEL = "-Onone";
			};
			name = Debug;
		};
		7D30ED902A491683005C0FF7 /* Release */ = {
			isa = XCBuildConfiguration;
			buildSettings = {
				ALWAYS_SEARCH_USER_PATHS = NO;
				CLANG_ANALYZER_NONNULL = YES;
				CLANG_ANALYZER_NUMBER_OBJECT_CONVERSION = YES_AGGRESSIVE;
				CLANG_CXX_LANGUAGE_STANDARD = "gnu++20";
				CLANG_ENABLE_MODULES = YES;
				CLANG_ENABLE_OBJC_ARC = YES;
				CLANG_ENABLE_OBJC_WEAK = YES;
				CLANG_WARN_BLOCK_CAPTURE_AUTORELEASING = YES;
				CLANG_WARN_BOOL_CONVERSION = YES;
				CLANG_WARN_COMMA = YES;
				CLANG_WARN_CONSTANT_CONVERSION = YES;
				CLANG_WARN_DEPRECATED_OBJC_IMPLEMENTATIONS = YES;
				CLANG_WARN_DIRECT_OBJC_ISA_USAGE = YES_ERROR;
				CLANG_WARN_DOCUMENTATION_COMMENTS = YES;
				CLANG_WARN_EMPTY_BODY = YES;
				CLANG_WARN_ENUM_CONVERSION = YES;
				CLANG_WARN_INFINITE_RECURSION = YES;
				CLANG_WARN_INT_CONVERSION = YES;
				CLANG_WARN_NON_LITERAL_NULL_CONVERSION = YES;
				CLANG_WARN_OBJC_IMPLICIT_RETAIN_SELF = YES;
				CLANG_WARN_OBJC_LITERAL_CONVERSION = YES;
				CLANG_WARN_OBJC_ROOT_CLASS = YES_ERROR;
				CLANG_WARN_QUOTED_INCLUDE_IN_FRAMEWORK_HEADER = YES;
				CLANG_WARN_RANGE_LOOP_ANALYSIS = YES;
				CLANG_WARN_STRICT_PROTOTYPES = YES;
				CLANG_WARN_SUSPICIOUS_MOVE = YES;
				CLANG_WARN_UNGUARDED_AVAILABILITY = YES_AGGRESSIVE;
				CLANG_WARN_UNREACHABLE_CODE = YES;
				CLANG_WARN__DUPLICATE_METHOD_MATCH = YES;
				COPY_PHASE_STRIP = NO;
				DEBUG_INFORMATION_FORMAT = "dwarf-with-dsym";
				ENABLE_NS_ASSERTIONS = NO;
				ENABLE_STRICT_OBJC_MSGSEND = YES;
				GCC_C_LANGUAGE_STANDARD = gnu11;
				GCC_NO_COMMON_BLOCKS = YES;
				GCC_WARN_64_TO_32_BIT_CONVERSION = YES;
				GCC_WARN_ABOUT_RETURN_TYPE = YES_ERROR;
				GCC_WARN_UNDECLARED_SELECTOR = YES;
				GCC_WARN_UNINITIALIZED_AUTOS = YES_AGGRESSIVE;
				GCC_WARN_UNUSED_FUNCTION = YES;
				GCC_WARN_UNUSED_VARIABLE = YES;
				IPHONEOS_DEPLOYMENT_TARGET = 16.4;
				MTL_ENABLE_DEBUG_INFO = NO;
				MTL_FAST_MATH = YES;
				SDKROOT = iphoneos;
				SWIFT_COMPILATION_MODE = wholemodule;
				SWIFT_OPTIMIZATION_LEVEL = "-O";
				VALIDATE_PRODUCT = YES;
			};
			name = Release;
		};
		7D30ED922A491683005C0FF7 /* Debug */ = {
			isa = XCBuildConfiguration;
			buildSettings = {
				ASSETCATALOG_COMPILER_APPICON_NAME = AppIcon;
				ASSETCATALOG_COMPILER_GLOBAL_ACCENT_COLOR_NAME = AccentColor;
				CODE_SIGN_STYLE = Automatic;
				CURRENT_PROJECT_VERSION = 1;
				DEVELOPMENT_ASSET_PATHS = "\"BCAMusicPlayer/Preview Content\"";
				DEVELOPMENT_TEAM = 59BDH3ZGPX;
				ENABLE_PREVIEWS = YES;
				GENERATE_INFOPLIST_FILE = YES;
				INFOPLIST_FILE = BCAMusicPlayer/Info.plist;
				INFOPLIST_KEY_UIApplicationSceneManifest_Generation = YES;
				INFOPLIST_KEY_UIApplicationSupportsIndirectInputEvents = YES;
				INFOPLIST_KEY_UILaunchScreen_Generation = YES;
				INFOPLIST_KEY_UISupportedInterfaceOrientations_iPad = "UIInterfaceOrientationPortrait UIInterfaceOrientationPortraitUpsideDown UIInterfaceOrientationLandscapeLeft UIInterfaceOrientationLandscapeRight";
				INFOPLIST_KEY_UISupportedInterfaceOrientations_iPhone = "UIInterfaceOrientationPortrait UIInterfaceOrientationLandscapeLeft UIInterfaceOrientationLandscapeRight";
				LD_RUNPATH_SEARCH_PATHS = (
					"$(inherited)",
					"@executable_path/Frameworks",
				);
				MARKETING_VERSION = 1.0;
				PRODUCT_BUNDLE_IDENTIFIER = Testing.BCAMusicPlayer;
				PRODUCT_NAME = "$(TARGET_NAME)";
				SWIFT_EMIT_LOC_STRINGS = YES;
				SWIFT_VERSION = 5.0;
				TARGETED_DEVICE_FAMILY = "1,2";
			};
			name = Debug;
		};
		7D30ED932A491683005C0FF7 /* Release */ = {
			isa = XCBuildConfiguration;
			buildSettings = {
				ASSETCATALOG_COMPILER_APPICON_NAME = AppIcon;
				ASSETCATALOG_COMPILER_GLOBAL_ACCENT_COLOR_NAME = AccentColor;
				CODE_SIGN_STYLE = Automatic;
				CURRENT_PROJECT_VERSION = 1;
				DEVELOPMENT_ASSET_PATHS = "\"BCAMusicPlayer/Preview Content\"";
				DEVELOPMENT_TEAM = 59BDH3ZGPX;
				ENABLE_PREVIEWS = YES;
				GENERATE_INFOPLIST_FILE = YES;
				INFOPLIST_FILE = BCAMusicPlayer/Info.plist;
				INFOPLIST_KEY_UIApplicationSceneManifest_Generation = YES;
				INFOPLIST_KEY_UIApplicationSupportsIndirectInputEvents = YES;
				INFOPLIST_KEY_UILaunchScreen_Generation = YES;
				INFOPLIST_KEY_UISupportedInterfaceOrientations_iPad = "UIInterfaceOrientationPortrait UIInterfaceOrientationPortraitUpsideDown UIInterfaceOrientationLandscapeLeft UIInterfaceOrientationLandscapeRight";
				INFOPLIST_KEY_UISupportedInterfaceOrientations_iPhone = "UIInterfaceOrientationPortrait UIInterfaceOrientationLandscapeLeft UIInterfaceOrientationLandscapeRight";
				LD_RUNPATH_SEARCH_PATHS = (
					"$(inherited)",
					"@executable_path/Frameworks",
				);
				MARKETING_VERSION = 1.0;
				PRODUCT_BUNDLE_IDENTIFIER = Testing.BCAMusicPlayer;
				PRODUCT_NAME = "$(TARGET_NAME)";
				SWIFT_EMIT_LOC_STRINGS = YES;
				SWIFT_VERSION = 5.0;
				TARGETED_DEVICE_FAMILY = "1,2";
			};
			name = Release;
		};
		7D30ED952A491683005C0FF7 /* Debug */ = {
			isa = XCBuildConfiguration;
			buildSettings = {
				ALWAYS_EMBED_SWIFT_STANDARD_LIBRARIES = YES;
				BUNDLE_LOADER = "$(TEST_HOST)";
				CODE_SIGN_STYLE = Automatic;
				CURRENT_PROJECT_VERSION = 1;
				DEVELOPMENT_TEAM = 59BDH3ZGPX;
				GENERATE_INFOPLIST_FILE = YES;
				IPHONEOS_DEPLOYMENT_TARGET = 16.4;
				MARKETING_VERSION = 1.0;
				PRODUCT_BUNDLE_IDENTIFIER = Testing.BCAMusicPlayerTests;
				PRODUCT_NAME = "$(TARGET_NAME)";
				SWIFT_EMIT_LOC_STRINGS = NO;
				SWIFT_VERSION = 5.0;
				TARGETED_DEVICE_FAMILY = "1,2";
				TEST_HOST = "$(BUILT_PRODUCTS_DIR)/BCAMusicPlayer.app/$(BUNDLE_EXECUTABLE_FOLDER_PATH)/BCAMusicPlayer";
			};
			name = Debug;
		};
		7D30ED962A491683005C0FF7 /* Release */ = {
			isa = XCBuildConfiguration;
			buildSettings = {
				ALWAYS_EMBED_SWIFT_STANDARD_LIBRARIES = YES;
				BUNDLE_LOADER = "$(TEST_HOST)";
				CODE_SIGN_STYLE = Automatic;
				CURRENT_PROJECT_VERSION = 1;
				DEVELOPMENT_TEAM = 59BDH3ZGPX;
				GENERATE_INFOPLIST_FILE = YES;
				IPHONEOS_DEPLOYMENT_TARGET = 16.4;
				MARKETING_VERSION = 1.0;
				PRODUCT_BUNDLE_IDENTIFIER = Testing.BCAMusicPlayerTests;
				PRODUCT_NAME = "$(TARGET_NAME)";
				SWIFT_EMIT_LOC_STRINGS = NO;
				SWIFT_VERSION = 5.0;
				TARGETED_DEVICE_FAMILY = "1,2";
				TEST_HOST = "$(BUILT_PRODUCTS_DIR)/BCAMusicPlayer.app/$(BUNDLE_EXECUTABLE_FOLDER_PATH)/BCAMusicPlayer";
			};
			name = Release;
		};
		7D30ED982A491683005C0FF7 /* Debug */ = {
			isa = XCBuildConfiguration;
			buildSettings = {
				ALWAYS_EMBED_SWIFT_STANDARD_LIBRARIES = YES;
				CODE_SIGN_STYLE = Automatic;
				CURRENT_PROJECT_VERSION = 1;
				DEVELOPMENT_TEAM = 59BDH3ZGPX;
				GENERATE_INFOPLIST_FILE = YES;
				MARKETING_VERSION = 1.0;
				PRODUCT_BUNDLE_IDENTIFIER = Testing.BCAMusicPlayerUITests;
				PRODUCT_NAME = "$(TARGET_NAME)";
				SWIFT_EMIT_LOC_STRINGS = NO;
				SWIFT_VERSION = 5.0;
				TARGETED_DEVICE_FAMILY = "1,2";
				TEST_TARGET_NAME = BCAMusicPlayer;
			};
			name = Debug;
		};
		7D30ED992A491683005C0FF7 /* Release */ = {
			isa = XCBuildConfiguration;
			buildSettings = {
				ALWAYS_EMBED_SWIFT_STANDARD_LIBRARIES = YES;
				CODE_SIGN_STYLE = Automatic;
				CURRENT_PROJECT_VERSION = 1;
				DEVELOPMENT_TEAM = 59BDH3ZGPX;
				GENERATE_INFOPLIST_FILE = YES;
				MARKETING_VERSION = 1.0;
				PRODUCT_BUNDLE_IDENTIFIER = Testing.BCAMusicPlayerUITests;
				PRODUCT_NAME = "$(TARGET_NAME)";
				SWIFT_EMIT_LOC_STRINGS = NO;
				SWIFT_VERSION = 5.0;
				TARGETED_DEVICE_FAMILY = "1,2";
				TEST_TARGET_NAME = BCAMusicPlayer;
			};
			name = Release;
		};
/* End XCBuildConfiguration section */

/* Begin XCConfigurationList section */
		7D30ED682A491681005C0FF7 /* Build configuration list for PBXProject "BCAMusicPlayer" */ = {
			isa = XCConfigurationList;
			buildConfigurations = (
				7D30ED8F2A491683005C0FF7 /* Debug */,
				7D30ED902A491683005C0FF7 /* Release */,
			);
			defaultConfigurationIsVisible = 0;
			defaultConfigurationName = Release;
		};
		7D30ED912A491683005C0FF7 /* Build configuration list for PBXNativeTarget "BCAMusicPlayer" */ = {
			isa = XCConfigurationList;
			buildConfigurations = (
				7D30ED922A491683005C0FF7 /* Debug */,
				7D30ED932A491683005C0FF7 /* Release */,
			);
			defaultConfigurationIsVisible = 0;
			defaultConfigurationName = Release;
		};
		7D30ED942A491683005C0FF7 /* Build configuration list for PBXNativeTarget "BCAMusicPlayerTests" */ = {
			isa = XCConfigurationList;
			buildConfigurations = (
				7D30ED952A491683005C0FF7 /* Debug */,
				7D30ED962A491683005C0FF7 /* Release */,
			);
			defaultConfigurationIsVisible = 0;
			defaultConfigurationName = Release;
		};
		7D30ED972A491683005C0FF7 /* Build configuration list for PBXNativeTarget "BCAMusicPlayerUITests" */ = {
			isa = XCConfigurationList;
			buildConfigurations = (
				7D30ED982A491683005C0FF7 /* Debug */,
				7D30ED992A491683005C0FF7 /* Release */,
			);
			defaultConfigurationIsVisible = 0;
			defaultConfigurationName = Release;
		};
/* End XCConfigurationList section */

/* Begin XCRemoteSwiftPackageReference section */
		7D9CF5002A499C360048BF5C /* XCRemoteSwiftPackageReference "firebase-ios-sdk" */ = {
			isa = XCRemoteSwiftPackageReference;
			repositoryURL = "https://github.com/firebase/firebase-ios-sdk";
			requirement = {
				kind = upToNextMajorVersion;
				minimumVersion = 10.0.0;
			};
		};
/* End XCRemoteSwiftPackageReference section */

/* Begin XCSwiftPackageProductDependency section */
		7D9CF5012A499C360048BF5C /* FirebaseFirestore */ = {
			isa = XCSwiftPackageProductDependency;
			package = 7D9CF5002A499C360048BF5C /* XCRemoteSwiftPackageReference "firebase-ios-sdk" */;
			productName = FirebaseFirestore;
		};
		7D9CF5032A499C360048BF5C /* FirebaseFirestoreSwift */ = {
			isa = XCSwiftPackageProductDependency;
			package = 7D9CF5002A499C360048BF5C /* XCRemoteSwiftPackageReference "firebase-ios-sdk" */;
			productName = FirebaseFirestoreSwift;
		};
		7D9CF5052A499C360048BF5C /* FirebaseStorage */ = {
			isa = XCSwiftPackageProductDependency;
			package = 7D9CF5002A499C360048BF5C /* XCRemoteSwiftPackageReference "firebase-ios-sdk" */;
			productName = FirebaseStorage;
		};
		7D9CF5072A499C360048BF5C /* FirebaseStorageCombine-Community */ = {
			isa = XCSwiftPackageProductDependency;
			package = 7D9CF5002A499C360048BF5C /* XCRemoteSwiftPackageReference "firebase-ios-sdk" */;
			productName = "FirebaseStorageCombine-Community";
		};
/* End XCSwiftPackageProductDependency section */
	};
	rootObject = 7D30ED652A491681005C0FF7 /* Project object */;
}
